// !$*UTF8*$!
{
	archiveVersion = 1;
	classes = {
	};
	objectVersion = 46;
	objects = {

/* Begin PBXFileReference section */
		300ECA731B53CEC300E867FD /* config.h */ = {isa = PBXFileReference; lastKnownFileType = sourcecode.c.h; name = config.h; path = ../src/config.h; sourceTree = "<group>"; };
		300ECA741B53CEC300E867FD /* Draw.hpp */ = {isa = PBXFileReference; lastKnownFileType = sourcecode.cpp.h; name = Draw.hpp; path = ../src/Draw.hpp; sourceTree = "<group>"; };
		300ECA751B53CEC300E867FD /* Options.hpp */ = {isa = PBXFileReference; lastKnownFileType = sourcecode.cpp.h; name = Options.hpp; path = ../src/Options.hpp; sourceTree = "<group>"; };
		300ECA761B53CEC300E867FD /* Draw.cpp */ = {isa = PBXFileReference; lastKnownFileType = sourcecode.cpp.cpp; name = Draw.cpp; path = ../src/Draw.cpp; sourceTree = "<group>"; };
		300ECA771B53CEC300E867FD /* Main.cpp */ = {isa = PBXFileReference; lastKnownFileType = sourcecode.cpp.cpp; name = Main.cpp; path = ../src/Main.cpp; sourceTree = "<group>"; };
		300ECA781B53CEC300E867FD /* Options.cpp */ = {isa = PBXFileReference; lastKnownFileType = sourcecode.cpp.cpp; name = Options.cpp; path = ../src/Options.cpp; sourceTree = "<group>"; };
		300ECA791B53CECF00E867FD /* Print.hpp */ = {isa = PBXFileReference; lastKnownFileType = sourcecode.cpp.h; name = Print.hpp; path = ../src/Generic/Print.hpp; sourceTree = "<group>"; };
		300ECA7A1B53CECF00E867FD /* Time.hpp */ = {isa = PBXFileReference; lastKnownFileType = sourcecode.cpp.h; name = Time.hpp; path = ../src/Generic/Time.hpp; sourceTree = "<group>"; };
		300ECA7B1B53CECF00E867FD /* Print.cpp */ = {isa = PBXFileReference; lastKnownFileType = sourcecode.cpp.cpp; name = Print.cpp; path = ../src/Generic/Print.cpp; sourceTree = "<group>"; };
		300ECA7C1B53CECF00E867FD /* Time.cpp */ = {isa = PBXFileReference; lastKnownFileType = sourcecode.cpp.cpp; name = Time.cpp; path = ../src/Generic/Time.cpp; sourceTree = "<group>"; };
		300ECA7D1B53CED900E867FD /* CoreGraphicsHelpers.hpp */ = {isa = PBXFileReference; lastKnownFileType = sourcecode.cpp.h; name = CoreGraphicsHelpers.hpp; path = ../src/HAL/CoreGraphicsHelpers.hpp; sourceTree = "<group>"; };
		300ECA7E1B53CED900E867FD /* OpenCVHelpers.hpp */ = {isa = PBXFileReference; lastKnownFileType = sourcecode.cpp.h; name = OpenCVHelpers.hpp; path = ../src/HAL/OpenCVHelpers.hpp; sourceTree = "<group>"; };
		300ECA7F1B53CED900E867FD /* CoreGraphicsHelpers.cpp */ = {isa = PBXFileReference; lastKnownFileType = sourcecode.cpp.cpp; name = CoreGraphicsHelpers.cpp; path = ../src/HAL/CoreGraphicsHelpers.cpp; sourceTree = "<group>"; };
		300ECA801B53CED900E867FD /* OpenCVHelpers.cpp */ = {isa = PBXFileReference; lastKnownFileType = sourcecode.cpp.cpp; name = OpenCVHelpers.cpp; path = ../src/HAL/OpenCVHelpers.cpp; sourceTree = "<group>"; };
/* End PBXFileReference section */

/* Begin PBXGroup section */
		30F7966D1B45230C0046198F = {
			isa = PBXGroup;
			children = (
				300ECA731B53CEC300E867FD /* config.h */,
				300ECA741B53CEC300E867FD /* Draw.hpp */,
				300ECA751B53CEC300E867FD /* Options.hpp */,
				300ECA761B53CEC300E867FD /* Draw.cpp */,
				300ECA771B53CEC300E867FD /* Main.cpp */,
				300ECA781B53CEC300E867FD /* Options.cpp */,
				300ECA791B53CECF00E867FD /* Print.hpp */,
				300ECA7A1B53CECF00E867FD /* Time.hpp */,
				300ECA7B1B53CECF00E867FD /* Print.cpp */,
				300ECA7C1B53CECF00E867FD /* Time.cpp */,
				300ECA7D1B53CED900E867FD /* CoreGraphicsHelpers.hpp */,
				300ECA7E1B53CED900E867FD /* OpenCVHelpers.hpp */,
				300ECA7F1B53CED900E867FD /* CoreGraphicsHelpers.cpp */,
				300ECA801B53CED900E867FD /* OpenCVHelpers.cpp */,
			);
			sourceTree = "<group>";
		};
/* End PBXGroup section */

/* Begin PBXLegacyTarget section */
		30F796721B45230C0046198F /* Screen */ = {
			isa = PBXLegacyTarget;
			buildArgumentsString = "$(ACTION)";
			buildConfigurationList = 30F796751B45230C0046198F /* Build configuration list for PBXLegacyTarget "Screen" */;
			buildPhases = (
			);
			buildToolPath = /usr/bin/make;
			buildWorkingDirectory = /Users/zaccaria/development/github/screencap;
			dependencies = (
			);
			name = Screen;
			passBuildSettingsInEnvironment = 1;
			productName = Screen;
		};
/* End PBXLegacyTarget section */

/* Begin PBXProject section */
		30F7966E1B45230C0046198F /* Project object */ = {
			isa = PBXProject;
			attributes = {
				LastUpgradeCheck = 0610;
				ORGANIZATIONNAME = VZ;
				TargetAttributes = {
					30F796721B45230C0046198F = {
						CreatedOnToolsVersion = 6.1.1;
					};
				};
			};
			buildConfigurationList = 30F796711B45230C0046198F /* Build configuration list for PBXProject "Screen" */;
			compatibilityVersion = "Xcode 3.2";
			developmentRegion = English;
			hasScannedForEncodings = 0;
			knownRegions = (
				en,
			);
			mainGroup = 30F7966D1B45230C0046198F;
			projectDirPath = "";
			projectRoot = "";
			targets = (
				30F796721B45230C0046198F /* Screen */,
			);
		};
/* End PBXProject section */

/* Begin XCBuildConfiguration section */
		30F796731B45230C0046198F /* Debug */ = {
			isa = XCBuildConfiguration;
			buildSettings = {
				ALWAYS_SEARCH_USER_PATHS = NO;
				CLANG_CXX_LANGUAGE_STANDARD = "gnu++0x";
				CLANG_CXX_LIBRARY = "libc++";
				CLANG_ENABLE_MODULES = YES;
				CLANG_ENABLE_OBJC_ARC = YES;
				CLANG_WARN_BOOL_CONVERSION = YES;
				CLANG_WARN_CONSTANT_CONVERSION = YES;
				CLANG_WARN_DIRECT_OBJC_ISA_USAGE = YES_ERROR;
				CLANG_WARN_EMPTY_BODY = YES;
				CLANG_WARN_ENUM_CONVERSION = YES;
				CLANG_WARN_INT_CONVERSION = YES;
				CLANG_WARN_OBJC_ROOT_CLASS = YES_ERROR;
				CLANG_WARN_UNREACHABLE_CODE = YES;
				CLANG_WARN__DUPLICATE_METHOD_MATCH = YES;
				COPY_PHASE_STRIP = NO;
				ENABLE_STRICT_OBJC_MSGSEND = YES;
				GCC_C_LANGUAGE_STANDARD = gnu99;
				GCC_DYNAMIC_NO_PIC = NO;
				GCC_OPTIMIZATION_LEVEL = 0;
				GCC_PREPROCESSOR_DEFINITIONS = (
					"DEBUG=1",
					"$(inherited)",
				);
				GCC_SYMBOLS_PRIVATE_EXTERN = NO;
				GCC_WARN_64_TO_32_BIT_CONVERSION = YES;
				GCC_WARN_ABOUT_RETURN_TYPE = YES_ERROR;
				GCC_WARN_UNDECLARED_SELECTOR = YES;
				GCC_WARN_UNINITIALIZED_AUTOS = YES_AGGRESSIVE;
				GCC_WARN_UNUSED_FUNCTION = YES;
				GCC_WARN_UNUSED_VARIABLE = YES;
				MACOSX_DEPLOYMENT_TARGET = 10.9;
				MTL_ENABLE_DEBUG_INFO = YES;
				ONLY_ACTIVE_ARCH = YES;
				SDKROOT = macosx;
			};
			name = Debug;
		};
		30F796741B45230C0046198F /* Release */ = {
			isa = XCBuildConfiguration;
			buildSettings = {
				ALWAYS_SEARCH_USER_PATHS = NO;
				CLANG_CXX_LANGUAGE_STANDARD = "gnu++0x";
				CLANG_CXX_LIBRARY = "libc++";
				CLANG_ENABLE_MODULES = YES;
				CLANG_ENABLE_OBJC_ARC = YES;
				CLANG_WARN_BOOL_CONVERSION = YES;
				CLANG_WARN_CONSTANT_CONVERSION = YES;
				CLANG_WARN_DIRECT_OBJC_ISA_USAGE = YES_ERROR;
				CLANG_WARN_EMPTY_BODY = YES;
				CLANG_WARN_ENUM_CONVERSION = YES;
				CLANG_WARN_INT_CONVERSION = YES;
				CLANG_WARN_OBJC_ROOT_CLASS = YES_ERROR;
				CLANG_WARN_UNREACHABLE_CODE = YES;
				CLANG_WARN__DUPLICATE_METHOD_MATCH = YES;
				COPY_PHASE_STRIP = YES;
				DEBUG_INFORMATION_FORMAT = "dwarf-with-dsym";
				ENABLE_NS_ASSERTIONS = NO;
				ENABLE_STRICT_OBJC_MSGSEND = YES;
				GCC_C_LANGUAGE_STANDARD = gnu99;
				GCC_WARN_64_TO_32_BIT_CONVERSION = YES;
				GCC_WARN_ABOUT_RETURN_TYPE = YES_ERROR;
				GCC_WARN_UNDECLARED_SELECTOR = YES;
				GCC_WARN_UNINITIALIZED_AUTOS = YES_AGGRESSIVE;
				GCC_WARN_UNUSED_FUNCTION = YES;
				GCC_WARN_UNUSED_VARIABLE = YES;
				MACOSX_DEPLOYMENT_TARGET = 10.9;
				MTL_ENABLE_DEBUG_INFO = NO;
				SDKROOT = macosx;
			};
			name = Release;
		};
		30F796761B45230C0046198F /* Debug */ = {
			isa = XCBuildConfiguration;
			buildSettings = {
				DEBUGGING_SYMBOLS = YES;
				GCC_GENERATE_DEBUGGING_SYMBOLS = YES;
				GCC_OPTIMIZATION_LEVEL = 0;
				OTHER_CFLAGS = "";
				OTHER_LDFLAGS = "";
				PRODUCT_NAME = "$(TARGET_NAME)";
			};
			name = Debug;
		};
		30F796771B45230C0046198F /* Release */ = {
			isa = XCBuildConfiguration;
			buildSettings = {
				OTHER_CFLAGS = "";
				OTHER_LDFLAGS = "";
				PRODUCT_NAME = "$(TARGET_NAME)";
			};
			name = Release;
		};
/* End XCBuildConfiguration section */

/* Begin XCConfigurationList section */
		30F796711B45230C0046198F /* Build configuration list for PBXProject "Screen" */ = {
			isa = XCConfigurationList;
			buildConfigurations = (
				30F796731B45230C0046198F /* Debug */,
				30F796741B45230C0046198F /* Release */,
			);
			defaultConfigurationIsVisible = 0;
			defaultConfigurationName = Release;
		};
		30F796751B45230C0046198F /* Build configuration list for PBXLegacyTarget "Screen" */ = {
			isa = XCConfigurationList;
			buildConfigurations = (
				30F796761B45230C0046198F /* Debug */,
				30F796771B45230C0046198F /* Release */,
			);
			defaultConfigurationIsVisible = 0;
			defaultConfigurationName = Release;
		};
/* End XCConfigurationList section */
	};
	rootObject = 30F7966E1B45230C0046198F /* Project object */;
}
