// !$*UTF8*$!
{
	archiveVersion = 1;
	classes = {
	};
	objectVersion = 46;
	objects = {

/* Begin PBXFileReference section */
		30F796781B45236D0046198F /* config.h */ = {isa = PBXFileReference; fileEncoding = 4; lastKnownFileType = sourcecode.c.h; name = config.h; path = ../src/config.h; sourceTree = "<group>"; };
		30F796791B45236D0046198F /* ocv.cpp */ = {isa = PBXFileReference; fileEncoding = 4; lastKnownFileType = sourcecode.cpp.cpp; name = ocv.cpp; path = ../src/ocv.cpp; sourceTree = "<group>"; };
		30F7967B1B4523A50046198F /* ocv.hpp */ = {isa = PBXFileReference; fileEncoding = 4; lastKnownFileType = sourcecode.cpp.h; name = ocv.hpp; path = ../src/ocv.hpp; sourceTree = "<group>"; };
		30F7967C1B4523A50046198F /* ocvs.cpp */ = {isa = PBXFileReference; fileEncoding = 4; lastKnownFileType = sourcecode.cpp.cpp; name = ocvs.cpp; path = ../src/ocvs.cpp; sourceTree = "<group>"; };
		30F7967D1B4523A50046198F /* ocvs.hpp */ = {isa = PBXFileReference; fileEncoding = 4; lastKnownFileType = sourcecode.cpp.h; name = ocvs.hpp; path = ../src/ocvs.hpp; sourceTree = "<group>"; };
		30F7967E1B4523A50046198F /* opts.cpp */ = {isa = PBXFileReference; fileEncoding = 4; lastKnownFileType = sourcecode.cpp.cpp; name = opts.cpp; path = ../src/opts.cpp; sourceTree = "<group>"; };
		30F7967F1B4523A50046198F /* opts.hpp */ = {isa = PBXFileReference; fileEncoding = 4; lastKnownFileType = sourcecode.cpp.h; name = opts.hpp; path = ../src/opts.hpp; sourceTree = "<group>"; };
		30F796801B4523A50046198F /* osx.cpp */ = {isa = PBXFileReference; fileEncoding = 4; lastKnownFileType = sourcecode.cpp.cpp; name = osx.cpp; path = ../src/osx.cpp; sourceTree = "<group>"; };
		30F796811B4523A50046198F /* osx.hpp */ = {isa = PBXFileReference; fileEncoding = 4; lastKnownFileType = sourcecode.cpp.h; name = osx.hpp; path = ../src/osx.hpp; sourceTree = "<group>"; };
		30F796821B4523A50046198F /* print.cpp */ = {isa = PBXFileReference; fileEncoding = 4; lastKnownFileType = sourcecode.cpp.cpp; name = print.cpp; path = ../src/print.cpp; sourceTree = "<group>"; };
		30F796831B4523A50046198F /* print.hpp */ = {isa = PBXFileReference; fileEncoding = 4; lastKnownFileType = sourcecode.cpp.h; name = print.hpp; path = ../src/print.hpp; sourceTree = "<group>"; };
		30F796841B4523A50046198F /* screen.cpp */ = {isa = PBXFileReference; fileEncoding = 4; lastKnownFileType = sourcecode.cpp.cpp; name = screen.cpp; path = ../src/screen.cpp; sourceTree = "<group>"; };
/* End PBXFileReference section */

/* Begin PBXGroup section */
		30F7966D1B45230C0046198F = {
			isa = PBXGroup;
			children = (
				30F7967C1B4523A50046198F /* ocvs.cpp */,
				30F7967D1B4523A50046198F /* ocvs.hpp */,
				30F7967E1B4523A50046198F /* opts.cpp */,
				30F7967F1B4523A50046198F /* opts.hpp */,
				30F796801B4523A50046198F /* osx.cpp */,
				30F796811B4523A50046198F /* osx.hpp */,
				30F796821B4523A50046198F /* print.cpp */,
				30F796831B4523A50046198F /* print.hpp */,
				30F796841B4523A50046198F /* screen.cpp */,
				30F796781B45236D0046198F /* config.h */,
				30F7967B1B4523A50046198F /* ocv.hpp */,
				30F796791B45236D0046198F /* ocv.cpp */,
			);
			sourceTree = "<group>";
		};
/* End PBXGroup section */

/* Begin PBXLegacyTarget section */
		30F796721B45230C0046198F /* Screen */ = {
			isa = PBXLegacyTarget;
			buildArgumentsString = "$(ACTION)";
			buildConfigurationList = 30F796751B45230C0046198F /* Build configuration list for PBXLegacyTarget "Screen" */;
			buildPhases = (
			);
			buildToolPath = /usr/bin/make;
			buildWorkingDirectory = /Users/zaccaria/development/github/screencap;
			dependencies = (
			);
			name = Screen;
			passBuildSettingsInEnvironment = 1;
			productName = Screen;
		};
/* End PBXLegacyTarget section */

/* Begin PBXProject section */
		30F7966E1B45230C0046198F /* Project object */ = {
			isa = PBXProject;
			attributes = {
				LastUpgradeCheck = 0610;
				ORGANIZATIONNAME = VZ;
				TargetAttributes = {
					30F796721B45230C0046198F = {
						CreatedOnToolsVersion = 6.1.1;
					};
				};
			};
			buildConfigurationList = 30F796711B45230C0046198F /* Build configuration list for PBXProject "Screen" */;
			compatibilityVersion = "Xcode 3.2";
			developmentRegion = English;
			hasScannedForEncodings = 0;
			knownRegions = (
				en,
			);
			mainGroup = 30F7966D1B45230C0046198F;
			projectDirPath = "";
			projectRoot = "";
			targets = (
				30F796721B45230C0046198F /* Screen */,
			);
		};
/* End PBXProject section */

/* Begin XCBuildConfiguration section */
		30F796731B45230C0046198F /* Debug */ = {
			isa = XCBuildConfiguration;
			buildSettings = {
				ALWAYS_SEARCH_USER_PATHS = NO;
				CLANG_CXX_LANGUAGE_STANDARD = "gnu++0x";
				CLANG_CXX_LIBRARY = "libc++";
				CLANG_ENABLE_MODULES = YES;
				CLANG_ENABLE_OBJC_ARC = YES;
				CLANG_WARN_BOOL_CONVERSION = YES;
				CLANG_WARN_CONSTANT_CONVERSION = YES;
				CLANG_WARN_DIRECT_OBJC_ISA_USAGE = YES_ERROR;
				CLANG_WARN_EMPTY_BODY = YES;
				CLANG_WARN_ENUM_CONVERSION = YES;
				CLANG_WARN_INT_CONVERSION = YES;
				CLANG_WARN_OBJC_ROOT_CLASS = YES_ERROR;
				CLANG_WARN_UNREACHABLE_CODE = YES;
				CLANG_WARN__DUPLICATE_METHOD_MATCH = YES;
				COPY_PHASE_STRIP = NO;
				ENABLE_STRICT_OBJC_MSGSEND = YES;
				GCC_C_LANGUAGE_STANDARD = gnu99;
				GCC_DYNAMIC_NO_PIC = NO;
				GCC_OPTIMIZATION_LEVEL = 0;
				GCC_PREPROCESSOR_DEFINITIONS = (
					"DEBUG=1",
					"$(inherited)",
				);
				GCC_SYMBOLS_PRIVATE_EXTERN = NO;
				GCC_WARN_64_TO_32_BIT_CONVERSION = YES;
				GCC_WARN_ABOUT_RETURN_TYPE = YES_ERROR;
				GCC_WARN_UNDECLARED_SELECTOR = YES;
				GCC_WARN_UNINITIALIZED_AUTOS = YES_AGGRESSIVE;
				GCC_WARN_UNUSED_FUNCTION = YES;
				GCC_WARN_UNUSED_VARIABLE = YES;
				MACOSX_DEPLOYMENT_TARGET = 10.9;
				MTL_ENABLE_DEBUG_INFO = YES;
				ONLY_ACTIVE_ARCH = YES;
				SDKROOT = macosx;
			};
			name = Debug;
		};
		30F796741B45230C0046198F /* Release */ = {
			isa = XCBuildConfiguration;
			buildSettings = {
				ALWAYS_SEARCH_USER_PATHS = NO;
				CLANG_CXX_LANGUAGE_STANDARD = "gnu++0x";
				CLANG_CXX_LIBRARY = "libc++";
				CLANG_ENABLE_MODULES = YES;
				CLANG_ENABLE_OBJC_ARC = YES;
				CLANG_WARN_BOOL_CONVERSION = YES;
				CLANG_WARN_CONSTANT_CONVERSION = YES;
				CLANG_WARN_DIRECT_OBJC_ISA_USAGE = YES_ERROR;
				CLANG_WARN_EMPTY_BODY = YES;
				CLANG_WARN_ENUM_CONVERSION = YES;
				CLANG_WARN_INT_CONVERSION = YES;
				CLANG_WARN_OBJC_ROOT_CLASS = YES_ERROR;
				CLANG_WARN_UNREACHABLE_CODE = YES;
				CLANG_WARN__DUPLICATE_METHOD_MATCH = YES;
				COPY_PHASE_STRIP = YES;
				DEBUG_INFORMATION_FORMAT = "dwarf-with-dsym";
				ENABLE_NS_ASSERTIONS = NO;
				ENABLE_STRICT_OBJC_MSGSEND = YES;
				GCC_C_LANGUAGE_STANDARD = gnu99;
				GCC_WARN_64_TO_32_BIT_CONVERSION = YES;
				GCC_WARN_ABOUT_RETURN_TYPE = YES_ERROR;
				GCC_WARN_UNDECLARED_SELECTOR = YES;
				GCC_WARN_UNINITIALIZED_AUTOS = YES_AGGRESSIVE;
				GCC_WARN_UNUSED_FUNCTION = YES;
				GCC_WARN_UNUSED_VARIABLE = YES;
				MACOSX_DEPLOYMENT_TARGET = 10.9;
				MTL_ENABLE_DEBUG_INFO = NO;
				SDKROOT = macosx;
			};
			name = Release;
		};
		30F796761B45230C0046198F /* Debug */ = {
			isa = XCBuildConfiguration;
			buildSettings = {
				DEBUGGING_SYMBOLS = YES;
				GCC_GENERATE_DEBUGGING_SYMBOLS = YES;
				GCC_OPTIMIZATION_LEVEL = 0;
				OTHER_CFLAGS = "";
				OTHER_LDFLAGS = "";
				PRODUCT_NAME = "$(TARGET_NAME)";
			};
			name = Debug;
		};
		30F796771B45230C0046198F /* Release */ = {
			isa = XCBuildConfiguration;
			buildSettings = {
				OTHER_CFLAGS = "";
				OTHER_LDFLAGS = "";
				PRODUCT_NAME = "$(TARGET_NAME)";
			};
			name = Release;
		};
/* End XCBuildConfiguration section */

/* Begin XCConfigurationList section */
		30F796711B45230C0046198F /* Build configuration list for PBXProject "Screen" */ = {
			isa = XCConfigurationList;
			buildConfigurations = (
				30F796731B45230C0046198F /* Debug */,
				30F796741B45230C0046198F /* Release */,
			);
			defaultConfigurationIsVisible = 0;
			defaultConfigurationName = Release;
		};
		30F796751B45230C0046198F /* Build configuration list for PBXLegacyTarget "Screen" */ = {
			isa = XCConfigurationList;
			buildConfigurations = (
				30F796761B45230C0046198F /* Debug */,
				30F796771B45230C0046198F /* Release */,
			);
			defaultConfigurationIsVisible = 0;
			defaultConfigurationName = Release;
		};
/* End XCConfigurationList section */
	};
	rootObject = 30F7966E1B45230C0046198F /* Project object */;
}
